<?xml version="1.0" encoding="utf-8"?>
<Project ToolsVersion="4.0" xmlns="http://schemas.microsoft.com/developer/msbuild/2003">
  <ItemGroup>
    <Filter Include="Engine">
      <UniqueIdentifier>{eae89450-ed69-4757-adc1-2441fc6e0699}</UniqueIdentifier>
    </Filter>
    <Filter Include="Default">
      <UniqueIdentifier>{cfcd1d4f-13b3-47e0-ab09-c1301f6123d2}</UniqueIdentifier>
    </Filter>
    <Filter Include="Default\리소스 파일">
      <UniqueIdentifier>{67DA6AB6-F800-4c08-8B7A-83BB121AAD01}</UniqueIdentifier>
      <Extensions>rc;ico;cur;bmp;dlg;rc2;rct;bin;rgs;gif;jpg;jpeg;jpe;resx;tiff;tif;png;wav;mfcribbon-ms</Extensions>
    </Filter>
    <Filter Include="Engine\02 Core">
      <UniqueIdentifier>{29c397ba-c966-4ea8-b4d5-4ed7c7ba4b18}</UniqueIdentifier>
    </Filter>
    <Filter Include="Engine\01 Header">
      <UniqueIdentifier>{77a21817-4b8e-4cee-8256-f7e0d7a5f106}</UniqueIdentifier>
    </Filter>
    <Filter Include="Engine\03 Manager">
      <UniqueIdentifier>{93a8f5a8-2441-4609-ac82-83866a3f9102}</UniqueIdentifier>
    </Filter>
    <Filter Include="Engine\03 Manager\KeyMgr">
      <UniqueIdentifier>{99a64af1-a1e9-4259-b0fb-115bd7124a2a}</UniqueIdentifier>
    </Filter>
    <Filter Include="Engine\04 Object">
      <UniqueIdentifier>{fe3c7550-9d31-43e3-8b07-3b85572a9287}</UniqueIdentifier>
    </Filter>
    <Filter Include="Engine\03 Manager\TimeMgr">
      <UniqueIdentifier>{1bffa688-3533-4390-91d4-71cce4a2cf4a}</UniqueIdentifier>
    </Filter>
    <Filter Include="Engine\05 Scene">
      <UniqueIdentifier>{c90c92ea-724c-4926-b80e-98345763ed1d}</UniqueIdentifier>
    </Filter>
    <Filter Include="Engine\03 Manager\SceneMgr">
      <UniqueIdentifier>{ee45c09e-36c8-4bde-b252-e44a7b73e0f1}</UniqueIdentifier>
    </Filter>
    <Filter Include="Engine\05 Scene\Scene_Tool">
      <UniqueIdentifier>{ae22a769-8280-4b2f-baf8-17be5d478d97}</UniqueIdentifier>
    </Filter>
    <Filter Include="Engine\05 Scene\Scene_Start">
      <UniqueIdentifier>{d406fb28-9222-49ba-95ec-55810282df19}</UniqueIdentifier>
    </Filter>
    <Filter Include="Engine\04 Object\Player">
      <UniqueIdentifier>{4cd3e58f-2a50-4caf-94dc-459474326455}</UniqueIdentifier>
    </Filter>
    <Filter Include="Engine\04 Object\Monster">
      <UniqueIdentifier>{82c2615a-c884-44aa-b0fa-4aec3e78a6af}</UniqueIdentifier>
    </Filter>
    <Filter Include="Engine\04 Object\Missile">
      <UniqueIdentifier>{7f81e937-53a0-4bea-bcfa-e6300b8f6ba7}</UniqueIdentifier>
    </Filter>
    <Filter Include="Engine\06 Resource">
      <UniqueIdentifier>{522cb4c7-b79a-4fd8-8f2f-9a7d78fc0268}</UniqueIdentifier>
    </Filter>
    <Filter Include="Engine\06 Resource\Texture">
      <UniqueIdentifier>{7762085b-3c19-42b8-9bf4-32aa74586865}</UniqueIdentifier>
    </Filter>
    <Filter Include="Engine\06 Resource\Sound">
      <UniqueIdentifier>{bf69d050-a2b0-4d18-ad72-d300a1497d10}</UniqueIdentifier>
    </Filter>
    <Filter Include="Engine\03 Manager\PathMgr">
      <UniqueIdentifier>{03f11983-5488-41a0-b4c3-279929b0dec0}</UniqueIdentifier>
    </Filter>
    <Filter Include="Engine\03 Manager\ResourceMgr">
      <UniqueIdentifier>{3fc2d8f7-e724-44e9-8fea-8f83effa3cd8}</UniqueIdentifier>
    </Filter>
    <Filter Include="Engine\07 Component">
      <UniqueIdentifier>{cb9c2016-e98d-48c3-8e43-0f1b1858aa41}</UniqueIdentifier>
    </Filter>
    <Filter Include="Engine\08 Module">
      <UniqueIdentifier>{f81f5370-cd14-455d-bd5a-69cdf3d414d9}</UniqueIdentifier>
    </Filter>
  </ItemGroup>
  <ItemGroup>
    <ClInclude Include="CCore.h">
      <Filter>Engine\02 Core</Filter>
    </ClInclude>
    <ClInclude Include="targetver.h">
      <Filter>Default</Filter>
    </ClInclude>
    <ClInclude Include="Client.h">
      <Filter>Default</Filter>
    </ClInclude>
    <ClInclude Include="framework.h">
      <Filter>Default</Filter>
    </ClInclude>
    <ClInclude Include="Resource.h">
      <Filter>Default</Filter>
    </ClInclude>
    <ClInclude Include="define.h">
      <Filter>Engine\01 Header</Filter>
    </ClInclude>
    <ClInclude Include="KeyMgr.h">
      <Filter>Engine\03 Manager\KeyMgr</Filter>
    </ClInclude>
    <ClInclude Include="pch.h" />
    <ClInclude Include="CObject.h">
      <Filter>Engine\04 Object</Filter>
    </ClInclude>
    <ClInclude Include="struct.h">
      <Filter>Engine\01 Header</Filter>
    </ClInclude>
    <ClInclude Include="TimeMgr.h">
      <Filter>Engine\03 Manager\TimeMgr</Filter>
    </ClInclude>
    <ClInclude Include="CScene.h">
      <Filter>Engine\05 Scene</Filter>
    </ClInclude>
    <ClInclude Include="SceneMgr.h">
      <Filter>Engine\03 Manager\SceneMgr</Filter>
    </ClInclude>
    <ClInclude Include="CScene_Start.h">
      <Filter>Engine\05 Scene\Scene_Start</Filter>
    </ClInclude>
    <ClInclude Include="CPlayer.h">
      <Filter>Engine\04 Object\Player</Filter>
    </ClInclude>
    <ClInclude Include="CMonster.h">
      <Filter>Engine\04 Object\Monster</Filter>
    </ClInclude>
    <ClInclude Include="CMissile.h">
      <Filter>Engine\04 Object\Missile</Filter>
    </ClInclude>
    <ClInclude Include="CRes.h">
      <Filter>Engine\06 Resource</Filter>
    </ClInclude>
    <ClInclude Include="CTexture.h">
      <Filter>Engine\06 Resource\Texture</Filter>
    </ClInclude>
    <ClInclude Include="CSound.h">
      <Filter>Engine\06 Resource\Sound</Filter>
    </ClInclude>
    <ClInclude Include="PathMgr.h">
      <Filter>Engine\03 Manager\PathMgr</Filter>
    </ClInclude>
    <ClInclude Include="ResourceMgr.h">
      <Filter>Engine\03 Manager\ResourceMgr</Filter>
    </ClInclude>
    <ClInclude Include="CCollider.h">
      <Filter>Engine\07 Component</Filter>
    </ClInclude>
    <ClInclude Include="SelectGDI.h">
      <Filter>Engine\08 Module</Filter>
    </ClInclude>
  </ItemGroup>
  <ItemGroup>
    <ClCompile Include="CCore.cpp">
      <Filter>Engine\02 Core</Filter>
    </ClCompile>
    <ClCompile Include="KeyMgr.cpp">
      <Filter>Engine\03 Manager\KeyMgr</Filter>
    </ClCompile>
    <ClCompile Include="main.cpp" />
    <ClCompile Include="CObject.cpp">
      <Filter>Engine\04 Object</Filter>
    </ClCompile>
    <ClCompile Include="TimeMgr.cpp">
      <Filter>Engine\03 Manager\TimeMgr</Filter>
    </ClCompile>
    <ClCompile Include="CScene.cpp">
      <Filter>Engine\05 Scene</Filter>
    </ClCompile>
    <ClCompile Include="SceneMgr.cpp">
      <Filter>Engine\03 Manager\SceneMgr</Filter>
    </ClCompile>
    <ClCompile Include="CScene_Start.cpp">
      <Filter>Engine\05 Scene\Scene_Start</Filter>
    </ClCompile>
    <ClCompile Include="CPlayer.cpp">
      <Filter>Engine\04 Object\Player</Filter>
    </ClCompile>
    <ClCompile Include="CMonster.cpp">
      <Filter>Engine\04 Object\Monster</Filter>
    </ClCompile>
    <ClCompile Include="CMissile.cpp">
      <Filter>Engine\04 Object\Missile</Filter>
    </ClCompile>
    <ClCompile Include="CRes.cpp">
      <Filter>Engine\06 Resource</Filter>
    </ClCompile>
    <ClCompile Include="CTexture.cpp">
      <Filter>Engine\06 Resource\Texture</Filter>
    </ClCompile>
    <ClCompile Include="CSound.cpp">
      <Filter>Engine\06 Resource\Sound</Filter>
    </ClCompile>
    <ClCompile Include="PathMgr.cpp">
      <Filter>Engine\03 Manager\PathMgr</Filter>
    </ClCompile>
    <ClCompile Include="ResourceMgr.cpp">
      <Filter>Engine\03 Manager\ResourceMgr</Filter>
    </ClCompile>
    <ClCompile Include="CCollider.cpp">
      <Filter>Engine\07 Component</Filter>
    </ClCompile>
    <ClCompile Include="SelectGDI.cpp">
      <Filter>Engine\08 Module</Filter>
    </ClCompile>
  </ItemGroup>
  <ItemGroup>
    <ResourceCompile Include="Client.rc">
      <Filter>Default\리소스 파일</Filter>
    </ResourceCompile>
  </ItemGroup>
  <ItemGroup>
    <Image Include="small.ico">
      <Filter>Default\리소스 파일</Filter>
    </Image>
    <Image Include="Client.ico">
      <Filter>Default\리소스 파일</Filter>
    </Image>
  </ItemGroup>
</Project>